
Microsoft Visual Studio Solution File, Format Version 12.00
# Visual Studio Version 17
VisualStudioVersion = 17.0.31710.8
MinimumVisualStudioVersion = 10.0.40219.1
Project("{9A19103F-16F7-4668-BE54-9A1E7A4F7556}") = "Client", "Client\Client.csproj", "{E6E24F1A-F0B3-4B76-B58B-F9B82E305062}"
EndProject
Project("{9A19103F-16F7-4668-BE54-9A1E7A4F7556}") = "Common", "Common\Common.csproj", "{2D5226D2-0F9F-4E5B-B836-3E4B628FD3B7}"
EndProject
Project("{9A19103F-16F7-4668-BE54-9A1E7A4F7556}") = "Test", "Test\Test.csproj", "{88ACD51F-62D5-4471-8DC4-7D0245775FED}"
EndProject
Project("{2150E333-8FDC-42A3-9474-1A3956D46DE8}") = "Solution Items", "Solution Items", "{57776052-FC06-4152-90FE-D1BB42160F47}"
	ProjectSection(SolutionItems) = preProject
		..\LICENSE = ..\LICENSE
		nuget.config = nuget.config
		..\README.md = ..\README.md
	EndProjectSection
EndProject
Project("{9A19103F-16F7-4668-BE54-9A1E7A4F7556}") = "Server", "Server\Server.csproj", "{7FE67644-AD7C-433C-9F18-9434C60F42E5}"
EndProject
Project("{9A19103F-16F7-4668-BE54-9A1E7A4F7556}") = "Native", "Native\Native.csproj", "{7A3A6E30-5727-44E8-B49F-47A22B6C44E2}"
EndProject
Project("{8BC9CEB8-8B4A-11D0-8D11-00A0C91BC942}") = "NativeTest", "NativeTest\NativeTest.vcxproj", "{1EB84363-538C-4B14-A5C4-198CCB1C72BC}"
	ProjectSection(ProjectDependencies) = postProject
		{9EEB43E7-C44A-4A20-B3A1-F7411C665FDB} = {9EEB43E7-C44A-4A20-B3A1-F7411C665FDB}
	EndProjectSection
EndProject
Project("{8BC9CEB8-8B4A-11D0-8D11-00A0C91BC942}") = "NativeDll", "NativeDll\NativeDll.vcxproj", "{9EEB43E7-C44A-4A20-B3A1-F7411C665FDB}"
	ProjectSection(ProjectDependencies) = postProject
		{7A3A6E30-5727-44E8-B49F-47A22B6C44E2} = {7A3A6E30-5727-44E8-B49F-47A22B6C44E2}
	EndProjectSection
EndProject
Global
	GlobalSection(SolutionConfigurationPlatforms) = preSolution
		Debug|Any CPU = Debug|Any CPU
		Debug|x64 = Debug|x64
		Debug|x86 = Debug|x86
		Release|Any CPU = Release|Any CPU
		Release|x64 = Release|x64
		Release|x86 = Release|x86
	EndGlobalSection
	GlobalSection(ProjectConfigurationPlatforms) = postSolution
		{E6E24F1A-F0B3-4B76-B58B-F9B82E305062}.Debug|Any CPU.ActiveCfg = Debug|Any CPU
		{E6E24F1A-F0B3-4B76-B58B-F9B82E305062}.Debug|Any CPU.Build.0 = Debug|Any CPU
		{E6E24F1A-F0B3-4B76-B58B-F9B82E305062}.Debug|x64.ActiveCfg = Debug|Any CPU
		{E6E24F1A-F0B3-4B76-B58B-F9B82E305062}.Debug|x64.Build.0 = Debug|Any CPU
		{E6E24F1A-F0B3-4B76-B58B-F9B82E305062}.Debug|x86.ActiveCfg = Debug|Any CPU
		{E6E24F1A-F0B3-4B76-B58B-F9B82E305062}.Debug|x86.Build.0 = Debug|Any CPU
		{E6E24F1A-F0B3-4B76-B58B-F9B82E305062}.Release|Any CPU.ActiveCfg = Release|Any CPU
		{E6E24F1A-F0B3-4B76-B58B-F9B82E305062}.Release|Any CPU.Build.0 = Release|Any CPU
		{E6E24F1A-F0B3-4B76-B58B-F9B82E305062}.Release|x64.ActiveCfg = Release|Any CPU
		{E6E24F1A-F0B3-4B76-B58B-F9B82E305062}.Release|x64.Build.0 = Release|Any CPU
		{E6E24F1A-F0B3-4B76-B58B-F9B82E305062}.Release|x86.ActiveCfg = Release|Any CPU
		{E6E24F1A-F0B3-4B76-B58B-F9B82E305062}.Release|x86.Build.0 = Release|Any CPU
		{2D5226D2-0F9F-4E5B-B836-3E4B628FD3B7}.Debug|Any CPU.ActiveCfg = Debug|Any CPU
		{2D5226D2-0F9F-4E5B-B836-3E4B628FD3B7}.Debug|Any CPU.Build.0 = Debug|Any CPU
		{2D5226D2-0F9F-4E5B-B836-3E4B628FD3B7}.Debug|x64.ActiveCfg = Debug|Any CPU
		{2D5226D2-0F9F-4E5B-B836-3E4B628FD3B7}.Debug|x64.Build.0 = Debug|Any CPU
		{2D5226D2-0F9F-4E5B-B836-3E4B628FD3B7}.Debug|x86.ActiveCfg = Debug|Any CPU
		{2D5226D2-0F9F-4E5B-B836-3E4B628FD3B7}.Debug|x86.Build.0 = Debug|Any CPU
		{2D5226D2-0F9F-4E5B-B836-3E4B628FD3B7}.Release|Any CPU.ActiveCfg = Release|Any CPU
		{2D5226D2-0F9F-4E5B-B836-3E4B628FD3B7}.Release|Any CPU.Build.0 = Release|Any CPU
		{2D5226D2-0F9F-4E5B-B836-3E4B628FD3B7}.Release|x64.ActiveCfg = Release|Any CPU
		{2D5226D2-0F9F-4E5B-B836-3E4B628FD3B7}.Release|x64.Build.0 = Release|Any CPU
		{2D5226D2-0F9F-4E5B-B836-3E4B628FD3B7}.Release|x86.ActiveCfg = Release|Any CPU
		{2D5226D2-0F9F-4E5B-B836-3E4B628FD3B7}.Release|x86.Build.0 = Release|Any CPU
		{88ACD51F-62D5-4471-8DC4-7D0245775FED}.Debug|Any CPU.ActiveCfg = Debug|Any CPU
		{88ACD51F-62D5-4471-8DC4-7D0245775FED}.Debug|Any CPU.Build.0 = Debug|Any CPU
		{88ACD51F-62D5-4471-8DC4-7D0245775FED}.Debug|x64.ActiveCfg = Debug|Any CPU
		{88ACD51F-62D5-4471-8DC4-7D0245775FED}.Debug|x64.Build.0 = Debug|Any CPU
		{88ACD51F-62D5-4471-8DC4-7D0245775FED}.Debug|x86.ActiveCfg = Debug|Any CPU
		{88ACD51F-62D5-4471-8DC4-7D0245775FED}.Debug|x86.Build.0 = Debug|Any CPU
		{88ACD51F-62D5-4471-8DC4-7D0245775FED}.Release|Any CPU.ActiveCfg = Release|Any CPU
		{88ACD51F-62D5-4471-8DC4-7D0245775FED}.Release|Any CPU.Build.0 = Release|Any CPU
		{88ACD51F-62D5-4471-8DC4-7D0245775FED}.Release|x64.ActiveCfg = Release|Any CPU
		{88ACD51F-62D5-4471-8DC4-7D0245775FED}.Release|x64.Build.0 = Release|Any CPU
		{88ACD51F-62D5-4471-8DC4-7D0245775FED}.Release|x86.ActiveCfg = Release|Any CPU
		{88ACD51F-62D5-4471-8DC4-7D0245775FED}.Release|x86.Build.0 = Release|Any CPU
		{7FE67644-AD7C-433C-9F18-9434C60F42E5}.Debug|Any CPU.ActiveCfg = Debug|Any CPU
		{7FE67644-AD7C-433C-9F18-9434C60F42E5}.Debug|Any CPU.Build.0 = Debug|Any CPU
		{7FE67644-AD7C-433C-9F18-9434C60F42E5}.Debug|x64.ActiveCfg = Debug|Any CPU
		{7FE67644-AD7C-433C-9F18-9434C60F42E5}.Debug|x64.Build.0 = Debug|Any CPU
		{7FE67644-AD7C-433C-9F18-9434C60F42E5}.Debug|x86.ActiveCfg = Debug|Any CPU
		{7FE67644-AD7C-433C-9F18-9434C60F42E5}.Debug|x86.Build.0 = Debug|Any CPU
		{7FE67644-AD7C-433C-9F18-9434C60F42E5}.Release|Any CPU.ActiveCfg = Release|Any CPU
		{7FE67644-AD7C-433C-9F18-9434C60F42E5}.Release|Any CPU.Build.0 = Release|Any CPU
		{7FE67644-AD7C-433C-9F18-9434C60F42E5}.Release|x64.ActiveCfg = Release|Any CPU
		{7FE67644-AD7C-433C-9F18-9434C60F42E5}.Release|x64.Build.0 = Release|Any CPU
		{7FE67644-AD7C-433C-9F18-9434C60F42E5}.Release|x86.ActiveCfg = Release|Any CPU
		{7FE67644-AD7C-433C-9F18-9434C60F42E5}.Release|x86.Build.0 = Release|Any CPU
		{7A3A6E30-5727-44E8-B49F-47A22B6C44E2}.Debug|Any CPU.ActiveCfg = Debug|Any CPU
		{7A3A6E30-5727-44E8-B49F-47A22B6C44E2}.Debug|Any CPU.Build.0 = Debug|Any CPU
		{7A3A6E30-5727-44E8-B49F-47A22B6C44E2}.Debug|x64.ActiveCfg = Debug|Any CPU
		{7A3A6E30-5727-44E8-B49F-47A22B6C44E2}.Debug|x64.Build.0 = Debug|Any CPU
		{7A3A6E30-5727-44E8-B49F-47A22B6C44E2}.Debug|x86.ActiveCfg = Debug|Any CPU
		{7A3A6E30-5727-44E8-B49F-47A22B6C44E2}.Debug|x86.Build.0 = Debug|Any CPU
		{7A3A6E30-5727-44E8-B49F-47A22B6C44E2}.Release|Any CPU.ActiveCfg = Release|Any CPU
		{7A3A6E30-5727-44E8-B49F-47A22B6C44E2}.Release|Any CPU.Build.0 = Release|Any CPU
		{7A3A6E30-5727-44E8-B49F-47A22B6C44E2}.Release|x64.ActiveCfg = Release|Any CPU
		{7A3A6E30-5727-44E8-B49F-47A22B6C44E2}.Release|x64.Build.0 = Release|Any CPU
		{7A3A6E30-5727-44E8-B49F-47A22B6C44E2}.Release|x86.ActiveCfg = Release|Any CPU
		{7A3A6E30-5727-44E8-B49F-47A22B6C44E2}.Release|x86.Build.0 = Release|Any CPU
		{1EB84363-538C-4B14-A5C4-198CCB1C72BC}.Debug|Any CPU.ActiveCfg = Debug|Win32
		{1EB84363-538C-4B14-A5C4-198CCB1C72BC}.Debug|x64.ActiveCfg = Debug|x64
		{1EB84363-538C-4B14-A5C4-198CCB1C72BC}.Debug|x64.Build.0 = Debug|x64
		{1EB84363-538C-4B14-A5C4-198CCB1C72BC}.Debug|x86.ActiveCfg = Debug|Win32
		{1EB84363-538C-4B14-A5C4-198CCB1C72BC}.Debug|x86.Build.0 = Debug|Win32
		{1EB84363-538C-4B14-A5C4-198CCB1C72BC}.Release|Any CPU.ActiveCfg = Release|Win32
		{1EB84363-538C-4B14-A5C4-198CCB1C72BC}.Release|x64.ActiveCfg = Release|x64
		{1EB84363-538C-4B14-A5C4-198CCB1C72BC}.Release|x64.Build.0 = Release|x64
		{1EB84363-538C-4B14-A5C4-198CCB1C72BC}.Release|x86.ActiveCfg = Release|Win32
		{1EB84363-538C-4B14-A5C4-198CCB1C72BC}.Release|x86.Build.0 = Release|Win32
		{9EEB43E7-C44A-4A20-B3A1-F7411C665FDB}.Debug|Any CPU.ActiveCfg = Release|Win32
		{9EEB43E7-C44A-4A20-B3A1-F7411C665FDB}.Debug|x64.ActiveCfg = Release|x64
		{9EEB43E7-C44A-4A20-B3A1-F7411C665FDB}.Debug|x64.Build.0 = Release|x64
		{9EEB43E7-C44A-4A20-B3A1-F7411C665FDB}.Debug|x86.ActiveCfg = Release|Win32
		{9EEB43E7-C44A-4A20-B3A1-F7411C665FDB}.Release|Any CPU.ActiveCfg = Release|Win32
		{9EEB43E7-C44A-4A20-B3A1-F7411C665FDB}.Release|x64.ActiveCfg = Release|x64
		{9EEB43E7-C44A-4A20-B3A1-F7411C665FDB}.Release|x64.Build.0 = Release|x64
		{9EEB43E7-C44A-4A20-B3A1-F7411C665FDB}.Release|x86.ActiveCfg = Release|Win32
		{9EEB43E7-C44A-4A20-B3A1-F7411C665FDB}.Release|x86.Build.0 = Release|Win32
	EndGlobalSection
	GlobalSection(SolutionProperties) = preSolution
		HideSolutionNode = FALSE
	EndGlobalSection
	GlobalSection(ExtensibilityGlobals) = postSolution
		SolutionGuid = {5A91D1EA-7EFA-487B-BCE4-1D2EADCD2743}
	EndGlobalSection
EndGlobal
